{
    "_readme": [
        "This file locks the dependencies of your project to a known state",
        "Read more about it at https://getcomposer.org/doc/01-basic-usage.md#installing-dependencies",
        "This file is @generated automatically"
    ],
    "content-hash": "4e74682a70e7bbefb094197dd3476efa",
    "packages": [
        {
            "name": "symfony/deprecation-contracts",
            "version": "v3.7.0",
            "dist": {
                "type": "zip",
                "url": "https://codeload.github.com/symfony/deprecation-contracts/zip/refs/tags/v3.7.0"
            },
            "require": {
                "php": ">=8.1"
            },
            "type": "library",
            "autoload": {
                "files": [
                    "function.php"
                ]
            }
        },
        {
            "name": "symfony/polyfill-ctype",
            "version": "v1.37.0",
            "dist": {
                "type": "zip",
                "url": "https://codeload.github.com/symfony/polyfill-ctype/zip/refs/tags/v1.37.0"
            },
            "require": {
                "php": ">=7.2"
            },
            "type": "library",
            "autoload": {
                "files": [
                    "bootstrap.php"
                ],
                "psr-4": {
                    "Symfony\\Polyfill\\Ctype\\": ""
                }
            }
        },
        {
            "name": "symfony/polyfill-mbstring",
            "version": "v1.37.0",
            "dist": {
                "type": "zip",
                "url": "https://codeload.github.com/symfony/polyfill-mbstring/zip/refs/tags/v1.37.0"
            },
            "require": {
                "php": ">=7.2"
            },
            "type": "library",
            "autoload": {
                "files": [
                    "bootstrap.php"
                ],
                "psr-4": {
                    "Symfony\\Polyfill\\Mbstring\\": ""
                }
            }
        },
        {
            "name": "twig/twig",
            "version": "v3.26.0",
            "dist": {
                "type": "zip",
                "url": "https://codeload.github.com/twigphp/Twig/zip/refs/tags/v3.26.0"
            },
            "require": {
                "php": ">=8.2",
                "symfony/deprecation-contracts": "^2.5|^3",
                "symfony/polyfill-ctype": "^1.8",
                "symfony/polyfill-mbstring": "^1.3"
            },
            "type": "library",
            "autoload": {
                "psr-4": {
                    "Twig\\": "src/"
                }
            }
        }
    ],
    "packages-dev": [],
    "aliases": [],
    "minimum-stability": "stable",
    "stability-flags": {},
    "prefer-stable": false,
    "prefer-lowest": false,
    "platform": {
        "php": "^8.3"
    },
    "platform-dev": {},
    "plugin-api-version": "2.9.0"
}
